{
  "requires": true,
  "lockfileVersion": 1,
  "dependencies": {
    "@azerion/phaser-input": {
      "version": "2.0.5",
      "resolved": "https://registry.npmjs.org/@azerion/phaser-input/-/phaser-input-2.0.5.tgz",
      "integrity": "sha512-fxA2TGFWAtC9r1FU9szO14adsqIB/8NreFznPEQJhqnNQu6gUTQnbC6E/iTl1QWsaDpKzoagMk5HGjqH+1ntcw==",
      "dev": true
    }
  }
}
